// !$*UTF8*$!
{
	archiveVersion = 1;
	classes = {
	};
	objectVersion = 50;
	objects = {

/* Begin PBXBuildFile section */
		CEA98F9221050958002445B9 /* main.swift in Sources */ = {isa = PBXBuildFile; fileRef = CEA98F9121050958002445B9 /* main.swift */; };
		CEA98F9921050A2E002445B9 /* Manufacturer.swift in Sources */ = {isa = PBXBuildFile; fileRef = CEA98F9821050A2E002445B9 /* Manufacturer.swift */; };
		CEA98F9B21050A4F002445B9 /* Product.swift in Sources */ = {isa = PBXBuildFile; fileRef = CEA98F9A21050A4F002445B9 /* Product.swift */; };
		CEA98F9D21050A62002445B9 /* Order.swift in Sources */ = {isa = PBXBuildFile; fileRef = CEA98F9C21050A62002445B9 /* Order.swift */; };
		CEA98F9F21058AED002445B9 /* Util.swift in Sources */ = {isa = PBXBuildFile; fileRef = CEA98F9E21058AED002445B9 /* Util.swift */; };
		CEA98FA12105B229002445B9 /* IDisplay.swift in Sources */ = {isa = PBXBuildFile; fileRef = CEA98FA02105B229002445B9 /* IDisplay.swift */; };
/* End PBXBuildFile section */

/* Begin PBXCopyFilesBuildPhase section */
		CEA98F8C21050958002445B9 /* CopyFiles */ = {
			isa = PBXCopyFilesBuildPhase;
			buildActionMask = 2147483647;
			dstPath = /usr/share/man/man1/;
			dstSubfolderSpec = 0;
			files = (
			);
			runOnlyForDeploymentPostprocessing = 1;
		};
/* End PBXCopyFilesBuildPhase section */

/* Begin PBXFileReference section */
		CEA98F8E21050958002445B9 /* C0735028_Exam1_MAD3004 */ = {isa = PBXFileReference; explicitFileType = "compiled.mach-o.executable"; includeInIndex = 0; path = C0735028_Exam1_MAD3004; sourceTree = BUILT_PRODUCTS_DIR; };
		CEA98F9121050958002445B9 /* main.swift */ = {isa = PBXFileReference; lastKnownFileType = sourcecode.swift; path = main.swift; sourceTree = "<group>"; };
		CEA98F9821050A2E002445B9 /* Manufacturer.swift */ = {isa = PBXFileReference; lastKnownFileType = sourcecode.swift; path = Manufacturer.swift; sourceTree = "<group>"; };
		CEA98F9A21050A4F002445B9 /* Product.swift */ = {isa = PBXFileReference; lastKnownFileType = sourcecode.swift; path = Product.swift; sourceTree = "<group>"; };
		CEA98F9C21050A62002445B9 /* Order.swift */ = {isa = PBXFileReference; lastKnownFileType = sourcecode.swift; path = Order.swift; sourceTree = "<group>"; };
		CEA98F9E21058AED002445B9 /* Util.swift */ = {isa = PBXFileReference; lastKnownFileType = sourcecode.swift; path = Util.swift; sourceTree = "<group>"; };
		CEA98FA02105B229002445B9 /* IDisplay.swift */ = {isa = PBXFileReference; lastKnownFileType = sourcecode.swift; path = IDisplay.swift; sourceTree = "<group>"; };
/* End PBXFileReference section */

/* Begin PBXFrameworksBuildPhase section */
		CEA98F8B21050958002445B9 /* Frameworks */ = {
			isa = PBXFrameworksBuildPhase;
			buildActionMask = 2147483647;
			files = (
			);
			runOnlyForDeploymentPostprocessing = 0;
		};
/* End PBXFrameworksBuildPhase section */

/* Begin PBXGroup section */
		CEA98F8521050958002445B9 = {
			isa = PBXGroup;
			children = (
				CEA98F9021050958002445B9 /* C0735028_Exam1_MAD3004 */,
				CEA98F8F21050958002445B9 /* Products */,
			);
			sourceTree = "<group>";
		};
		CEA98F8F21050958002445B9 /* Products */ = {
			isa = PBXGroup;
			children = (
				CEA98F8E21050958002445B9 /* C0735028_Exam1_MAD3004 */,
			);
			name = Products;
			sourceTree = "<group>";
		};
		CEA98F9021050958002445B9 /* C0735028_Exam1_MAD3004 */ = {
			isa = PBXGroup;
			children = (
				CEA98F9121050958002445B9 /* main.swift */,
				CEA98F9821050A2E002445B9 /* Manufacturer.swift */,
				CEA98F9A21050A4F002445B9 /* Product.swift */,
				CEA98F9C21050A62002445B9 /* Order.swift */,
				CEA98F9E21058AED002445B9 /* Util.swift */,
				CEA98FA02105B229002445B9 /* IDisplay.swift */,
			);
			path = C0735028_Exam1_MAD3004;
			sourceTree = "<group>";
		};
/* End PBXGroup section */

/* Begin PBXNativeTarget section */
		CEA98F8D21050958002445B9 /* C0735028_Exam1_MAD3004 */ = {
			isa = PBXNativeTarget;
			buildConfigurationList = CEA98F9521050958002445B9 /* Build configuration list for PBXNativeTarget "C0735028_Exam1_MAD3004" */;
			buildPhases = (
				CEA98F8A21050958002445B9 /* Sources */,
				CEA98F8B21050958002445B9 /* Frameworks */,
				CEA98F8C21050958002445B9 /* CopyFiles */,
			);
			buildRules = (
			);
			dependencies = (
			);
			name = C0735028_Exam1_MAD3004;
			productName = C0735028_Exam1_MAD3004;
			productReference = CEA98F8E21050958002445B9 /* C0735028_Exam1_MAD3004 */;
			productType = "com.apple.product-type.tool";
		};
/* End PBXNativeTarget section */

/* Begin PBXProject section */
		CEA98F8621050958002445B9 /* Project object */ = {
			isa = PBXProject;
			attributes = {
				LastSwiftUpdateCheck = 0940;
				LastUpgradeCheck = 0940;
				ORGANIZATIONNAME = RavSingh;
				TargetAttributes = {
					CEA98F8D21050958002445B9 = {
						CreatedOnToolsVersion = 9.4.1;
					};
				};
			};
			buildConfigurationList = CEA98F8921050958002445B9 /* Build configuration list for PBXProject "C0735028_Exam1_MAD3004" */;
			compatibilityVersion = "Xcode 9.3";
			developmentRegion = en;
			hasScannedForEncodings = 0;
			knownRegions = (
				en,
			);
			mainGroup = CEA98F8521050958002445B9;
			productRefGroup = CEA98F8F21050958002445B9 /* Products */;
			projectDirPath = "";
			projectRoot = "";
			targets = (
				CEA98F8D21050958002445B9 /* C0735028_Exam1_MAD3004 */,
			);
		};
/* End PBXProject section */

/* Begin PBXSourcesBuildPhase section */
		CEA98F8A21050958002445B9 /* Sources */ = {
			isa = PBXSourcesBuildPhase;
			buildActionMask = 2147483647;
			files = (
				CEA98F9921050A2E002445B9 /* Manufacturer.swift in Sources */,
				CEA98F9221050958002445B9 /* main.swift in Sources */,
				CEA98FA12105B229002445B9 /* IDisplay.swift in Sources */,
				CEA98F9F21058AED002445B9 /* Util.swift in Sources */,
				CEA98F9D21050A62002445B9 /* Order.swift in Sources */,
				CEA98F9B21050A4F002445B9 /* Product.swift in Sources */,
			);
			runOnlyForDeploymentPostprocessing = 0;
		};
/* End PBXSourcesBuildPhase section */

/* Begin XCBuildConfiguration section */
		CEA98F9321050958002445B9 /* Debug */ = {
			isa = XCBuildConfiguration;
			buildSettings = {
				ALWAYS_SEARCH_USER_PATHS = NO;
				CLANG_ANALYZER_NONNULL = YES;
				CLANG_ANALYZER_NUMBER_OBJECT_CONVERSION = YES_AGGRESSIVE;
				CLANG_CXX_LANGUAGE_STANDARD = "gnu++14";
				CLANG_CXX_LIBRARY = "libc++";
				CLANG_ENABLE_MODULES = YES;
				CLANG_ENABLE_OBJC_ARC = YES;
				CLANG_ENABLE_OBJC_WEAK = YES;
				CLANG_WARN_BLOCK_CAPTURE_AUTORELEASING = YES;
				CLANG_WARN_BOOL_CONVERSION = YES;
				CLANG_WARN_COMMA = YES;
				CLANG_WARN_CONSTANT_CONVERSION = YES;
				CLANG_WARN_DEPRECATED_OBJC_IMPLEMENTATIONS = YES;
				CLANG_WARN_DIRECT_OBJC_ISA_USAGE = YES_ERROR;
				CLANG_WARN_DOCUMENTATION_COMMENTS = YES;
				CLANG_WARN_EMPTY_BODY = YES;
				CLANG_WARN_ENUM_CONVERSION = YES;
				CLANG_WARN_INFINITE_RECURSION = YES;
				CLANG_WARN_INT_CONVERSION = YES;
				CLANG_WARN_NON_LITERAL_NULL_CONVERSION = YES;
				CLANG_WARN_OBJC_IMPLICIT_RETAIN_SELF = YES;
				CLANG_WARN_OBJC_LITERAL_CONVERSION = YES;
				CLANG_WARN_OBJC_ROOT_CLASS = YES_ERROR;
				CLANG_WARN_RANGE_LOOP_ANALYSIS = YES;
				CLANG_WARN_STRICT_PROTOTYPES = YES;
				CLANG_WARN_SUSPICIOUS_MOVE = YES;
				CLANG_WARN_UNGUARDED_AVAILABILITY = YES_AGGRESSIVE;
				CLANG_WARN_UNREACHABLE_CODE = YES;
				CLANG_WARN__DUPLICATE_METHOD_MATCH = YES;
				CODE_SIGN_IDENTITY = "-";
				COPY_PHASE_STRIP = NO;
				DEBUG_INFORMATION_FORMAT = dwarf;
				ENABLE_STRICT_OBJC_MSGSEND = YES;
				ENABLE_TESTABILITY = YES;
				GCC_C_LANGUAGE_STANDARD = gnu11;
				GCC_DYNAMIC_NO_PIC = NO;
				GCC_NO_COMMON_BLOCKS = YES;
				GCC_OPTIMIZATION_LEVEL = 0;
				GCC_PREPROCESSOR_DEFINITIONS = (
					"DEBUG=1",
					"$(inherited)",
				);
				GCC_WARN_64_TO_32_BIT_CONVERSION = YES;
				GCC_WARN_ABOUT_RETURN_TYPE = YES_ERROR;
				GCC_WARN_UNDECLARED_SELECTOR = YES;
				GCC_WARN_UNINITIALIZED_AUTOS = YES_AGGRESSIVE;
				GCC_WARN_UNUSED_FUNCTION = YES;
				GCC_WARN_UNUSED_VARIABLE = YES;
				MACOSX_DEPLOYMENT_TARGET = 10.13;
				MTL_ENABLE_DEBUG_INFO = YES;
				ONLY_ACTIVE_ARCH = YES;
				SDKROOT = macosx;
				SWIFT_ACTIVE_COMPILATION_CONDITIONS = DEBUG;
				SWIFT_OPTIMIZATION_LEVEL = "-Onone";
			};
			name = Debug;
		};
		CEA98F9421050958002445B9 /* Release */ = {
			isa = XCBuildConfiguration;
			buildSettings = {
				ALWAYS_SEARCH_USER_PATHS = NO;
				CLANG_ANALYZER_NONNULL = YES;
				CLANG_ANALYZER_NUMBER_OBJECT_CONVERSION = YES_AGGRESSIVE;
				CLANG_CXX_LANGUAGE_STANDARD = "gnu++14";
				CLANG_CXX_LIBRARY = "libc++";
				CLANG_ENABLE_MODULES = YES;
				CLANG_ENABLE_OBJC_ARC = YES;
				CLANG_ENABLE_OBJC_WEAK = YES;
				CLANG_WARN_BLOCK_CAPTURE_AUTORELEASING = YES;
				CLANG_WARN_BOOL_CONVERSION = YES;
				CLANG_WARN_COMMA = YES;
				CLANG_WARN_CONSTANT_CONVERSION = YES;
				CLANG_WARN_DEPRECATED_OBJC_IMPLEMENTATIONS = YES;
				CLANG_WARN_DIRECT_OBJC_ISA_USAGE = YES_ERROR;
				CLANG_WARN_DOCUMENTATION_COMMENTS = YES;
				CLANG_WARN_EMPTY_BODY = YES;
				CLANG_WARN_ENUM_CONVERSION = YES;
				CLANG_WARN_INFINITE_RECURSION = YES;
				CLANG_WARN_INT_CONVERSION = YES;
				CLANG_WARN_NON_LITERAL_NULL_CONVERSION = YES;
				CLANG_WARN_OBJC_IMPLICIT_RETAIN_SELF = YES;
				CLANG_WARN_OBJC_LITERAL_CONVERSION = YES;
				CLANG_WARN_OBJC_ROOT_CLASS = YES_ERROR;
				CLANG_WARN_RANGE_LOOP_ANALYSIS = YES;
				CLANG_WARN_STRICT_PROTOTYPES = YES;
				CLANG_WARN_SUSPICIOUS_MOVE = YES;
				CLANG_WARN_UNGUARDED_AVAILABILITY = YES_AGGRESSIVE;
				CLANG_WARN_UNREACHABLE_CODE = YES;
				CLANG_WARN__DUPLICATE_METHOD_MATCH = YES;
				CODE_SIGN_IDENTITY = "-";
				COPY_PHASE_STRIP = NO;
				DEBUG_INFORMATION_FORMAT = "dwarf-with-dsym";
				ENABLE_NS_ASSERTIONS = NO;
				ENABLE_STRICT_OBJC_MSGSEND = YES;
				GCC_C_LANGUAGE_STANDARD = gnu11;
				GCC_NO_COMMON_BLOCKS = YES;
				GCC_WARN_64_TO_32_BIT_CONVERSION = YES;
				GCC_WARN_ABOUT_RETURN_TYPE = YES_ERROR;
				GCC_WARN_UNDECLARED_SELECTOR = YES;
				GCC_WARN_UNINITIALIZED_AUTOS = YES_AGGRESSIVE;
				GCC_WARN_UNUSED_FUNCTION = YES;
				GCC_WARN_UNUSED_VARIABLE = YES;
				MACOSX_DEPLOYMENT_TARGET = 10.13;
				MTL_ENABLE_DEBUG_INFO = NO;
				SDKROOT = macosx;
				SWIFT_COMPILATION_MODE = wholemodule;
				SWIFT_OPTIMIZATION_LEVEL = "-O";
			};
			name = Release;
		};
		CEA98F9621050958002445B9 /* Debug */ = {
			isa = XCBuildConfiguration;
			buildSettings = {
				CODE_SIGN_STYLE = Automatic;
				PRODUCT_NAME = "$(TARGET_NAME)";
				SWIFT_VERSION = 4.0;
			};
			name = Debug;
		};
		CEA98F9721050958002445B9 /* Release */ = {
			isa = XCBuildConfiguration;
			buildSettings = {
				CODE_SIGN_STYLE = Automatic;
				PRODUCT_NAME = "$(TARGET_NAME)";
				SWIFT_VERSION = 4.0;
			};
			name = Release;
		};
/* End XCBuildConfiguration section */

/* Begin XCConfigurationList section */
		CEA98F8921050958002445B9 /* Build configuration list for PBXProject "C0735028_Exam1_MAD3004" */ = {
			isa = XCConfigurationList;
			buildConfigurations = (
				CEA98F9321050958002445B9 /* Debug */,
				CEA98F9421050958002445B9 /* Release */,
			);
			defaultConfigurationIsVisible = 0;
			defaultConfigurationName = Release;
		};
		CEA98F9521050958002445B9 /* Build configuration list for PBXNativeTarget "C0735028_Exam1_MAD3004" */ = {
			isa = XCConfigurationList;
			buildConfigurations = (
				CEA98F9621050958002445B9 /* Debug */,
				CEA98F9721050958002445B9 /* Release */,
			);
			defaultConfigurationIsVisible = 0;
			defaultConfigurationName = Release;
		};
/* End XCConfigurationList section */
	};
	rootObject = CEA98F8621050958002445B9 /* Project object */;
}
